
Microsoft Visual Studio Solution File, Format Version 12.00
# Visual Studio Version 17
VisualStudioVersion = 17.0.32014.148
MinimumVisualStudioVersion = 10.0.40219.1
Project("{8BC9CEB8-8B4A-11D0-8D11-00A0C91BC942}") = "cppProj", "cppProj\cppProj.vcxproj", "{DC4D4C53-46F0-4342-920B-C7E5011A95E5}"
EndProject
Project("{8BC9CEB8-8B4A-11D0-8D11-00A0C91BC942}") = "inheritance_cpp", "inheritance_cpp\inheritance_cpp.vcxproj", "{4015BA48-2B4E-45E5-A94E-A5E68C009E13}"
EndProject
Project("{8BC9CEB8-8B4A-11D0-8D11-00A0C91BC942}") = "codewars", "codewars\codewars.vcxproj", "{9D830B8C-C312-4A94-A181-3059B681507E}"
EndProject
Project("{8BC9CEB8-8B4A-11D0-8D11-00A0C91BC942}") = "proj", "proj\proj.vcxproj", "{5D312F6F-A8B9-49BE-A114-1926B7B03144}"
EndProject
Project("{8BC9CEB8-8B4A-11D0-8D11-00A0C91BC942}") = "file_streams", "file_streams\file_streams.vcxproj", "{21EA84EA-60F7-461E-9A05-E5D324D67CBD}"
EndProject
Project("{8BC9CEB8-8B4A-11D0-8D11-00A0C91BC942}") = "ptr", "ptr\ptr.vcxproj", "{0A27E9DC-6CB7-408F-93CA-445FD8F2D3DA}"
EndProject
Project("{8BC9CEB8-8B4A-11D0-8D11-00A0C91BC942}") = "sort", "sort\sort.vcxproj", "{BDC46667-4797-4B53-9F36-07AAF4970F5E}"
EndProject
Project("{8BC9CEB8-8B4A-11D0-8D11-00A0C91BC942}") = "search", "search\search.vcxproj", "{1E343FA8-366D-49F0-A442-38D6B15165A4}"
EndProject
Project("{8BC9CEB8-8B4A-11D0-8D11-00A0C91BC942}") = "data_structs", "data_structs\data_structs.vcxproj", "{6389E5D9-7A31-4342-A4DF-7906765E2BCC}"
EndProject
Project("{8BC9CEB8-8B4A-11D0-8D11-00A0C91BC942}") = "interview", "interview\interview.vcxproj", "{69FB7B8B-55CD-4D1A-AAAB-1D96C7089361}"
EndProject
Project("{8BC9CEB8-8B4A-11D0-8D11-00A0C91BC942}") = "STL", "STL\STL.vcxproj", "{23DD803B-67AE-4511-A88C-F74B94C5DFC6}"
EndProject
Project("{8BC9CEB8-8B4A-11D0-8D11-00A0C91BC942}") = "test", "test\test.vcxproj", "{CEAB3366-3DEC-4847-B3D5-C04049F21796}"
EndProject
Project("{8BC9CEB8-8B4A-11D0-8D11-00A0C91BC942}") = "multithreading", "multithreading\multithreading.vcxproj", "{BDF0D03A-416D-4B1C-A003-5D4885AD6B1F}"
EndProject
Project("{8BC9CEB8-8B4A-11D0-8D11-00A0C91BC942}") = "other", "other\other.vcxproj", "{C3E1002E-273D-4198-8228-89093386E6C1}"
EndProject
Project("{8BC9CEB8-8B4A-11D0-8D11-00A0C91BC942}") = "algorithm", "algorithm\algorithm.vcxproj", "{3A9F7B46-73DA-4132-AEEF-01E8F23F91CE}"
EndProject
Global
	GlobalSection(SolutionConfigurationPlatforms) = preSolution
		Debug|x64 = Debug|x64
		Debug|x86 = Debug|x86
		Release|x64 = Release|x64
		Release|x86 = Release|x86
	EndGlobalSection
	GlobalSection(ProjectConfigurationPlatforms) = postSolution
		{DC4D4C53-46F0-4342-920B-C7E5011A95E5}.Debug|x64.ActiveCfg = Debug|x64
		{DC4D4C53-46F0-4342-920B-C7E5011A95E5}.Debug|x64.Build.0 = Debug|x64
		{DC4D4C53-46F0-4342-920B-C7E5011A95E5}.Debug|x86.ActiveCfg = Debug|Win32
		{DC4D4C53-46F0-4342-920B-C7E5011A95E5}.Debug|x86.Build.0 = Debug|Win32
		{DC4D4C53-46F0-4342-920B-C7E5011A95E5}.Release|x64.ActiveCfg = Release|x64
		{DC4D4C53-46F0-4342-920B-C7E5011A95E5}.Release|x64.Build.0 = Release|x64
		{DC4D4C53-46F0-4342-920B-C7E5011A95E5}.Release|x86.ActiveCfg = Release|Win32
		{DC4D4C53-46F0-4342-920B-C7E5011A95E5}.Release|x86.Build.0 = Release|Win32
		{4015BA48-2B4E-45E5-A94E-A5E68C009E13}.Debug|x64.ActiveCfg = Debug|x64
		{4015BA48-2B4E-45E5-A94E-A5E68C009E13}.Debug|x64.Build.0 = Debug|x64
		{4015BA48-2B4E-45E5-A94E-A5E68C009E13}.Debug|x86.ActiveCfg = Debug|Win32
		{4015BA48-2B4E-45E5-A94E-A5E68C009E13}.Debug|x86.Build.0 = Debug|Win32
		{4015BA48-2B4E-45E5-A94E-A5E68C009E13}.Release|x64.ActiveCfg = Release|x64
		{4015BA48-2B4E-45E5-A94E-A5E68C009E13}.Release|x64.Build.0 = Release|x64
		{4015BA48-2B4E-45E5-A94E-A5E68C009E13}.Release|x86.ActiveCfg = Release|Win32
		{4015BA48-2B4E-45E5-A94E-A5E68C009E13}.Release|x86.Build.0 = Release|Win32
		{9D830B8C-C312-4A94-A181-3059B681507E}.Debug|x64.ActiveCfg = Debug|x64
		{9D830B8C-C312-4A94-A181-3059B681507E}.Debug|x64.Build.0 = Debug|x64
		{9D830B8C-C312-4A94-A181-3059B681507E}.Debug|x86.ActiveCfg = Debug|Win32
		{9D830B8C-C312-4A94-A181-3059B681507E}.Debug|x86.Build.0 = Debug|Win32
		{9D830B8C-C312-4A94-A181-3059B681507E}.Release|x64.ActiveCfg = Release|x64
		{9D830B8C-C312-4A94-A181-3059B681507E}.Release|x64.Build.0 = Release|x64
		{9D830B8C-C312-4A94-A181-3059B681507E}.Release|x86.ActiveCfg = Release|Win32
		{9D830B8C-C312-4A94-A181-3059B681507E}.Release|x86.Build.0 = Release|Win32
		{5D312F6F-A8B9-49BE-A114-1926B7B03144}.Debug|x64.ActiveCfg = Debug|x64
		{5D312F6F-A8B9-49BE-A114-1926B7B03144}.Debug|x64.Build.0 = Debug|x64
		{5D312F6F-A8B9-49BE-A114-1926B7B03144}.Debug|x86.ActiveCfg = Debug|Win32
		{5D312F6F-A8B9-49BE-A114-1926B7B03144}.Debug|x86.Build.0 = Debug|Win32
		{5D312F6F-A8B9-49BE-A114-1926B7B03144}.Release|x64.ActiveCfg = Release|x64
		{5D312F6F-A8B9-49BE-A114-1926B7B03144}.Release|x64.Build.0 = Release|x64
		{5D312F6F-A8B9-49BE-A114-1926B7B03144}.Release|x86.ActiveCfg = Release|Win32
		{5D312F6F-A8B9-49BE-A114-1926B7B03144}.Release|x86.Build.0 = Release|Win32
		{21EA84EA-60F7-461E-9A05-E5D324D67CBD}.Debug|x64.ActiveCfg = Debug|x64
		{21EA84EA-60F7-461E-9A05-E5D324D67CBD}.Debug|x64.Build.0 = Debug|x64
		{21EA84EA-60F7-461E-9A05-E5D324D67CBD}.Debug|x86.ActiveCfg = Debug|Win32
		{21EA84EA-60F7-461E-9A05-E5D324D67CBD}.Debug|x86.Build.0 = Debug|Win32
		{21EA84EA-60F7-461E-9A05-E5D324D67CBD}.Release|x64.ActiveCfg = Release|x64
		{21EA84EA-60F7-461E-9A05-E5D324D67CBD}.Release|x64.Build.0 = Release|x64
		{21EA84EA-60F7-461E-9A05-E5D324D67CBD}.Release|x86.ActiveCfg = Release|Win32
		{21EA84EA-60F7-461E-9A05-E5D324D67CBD}.Release|x86.Build.0 = Release|Win32
		{0A27E9DC-6CB7-408F-93CA-445FD8F2D3DA}.Debug|x64.ActiveCfg = Debug|x64
		{0A27E9DC-6CB7-408F-93CA-445FD8F2D3DA}.Debug|x64.Build.0 = Debug|x64
		{0A27E9DC-6CB7-408F-93CA-445FD8F2D3DA}.Debug|x86.ActiveCfg = Debug|Win32
		{0A27E9DC-6CB7-408F-93CA-445FD8F2D3DA}.Debug|x86.Build.0 = Debug|Win32
		{0A27E9DC-6CB7-408F-93CA-445FD8F2D3DA}.Release|x64.ActiveCfg = Release|x64
		{0A27E9DC-6CB7-408F-93CA-445FD8F2D3DA}.Release|x64.Build.0 = Release|x64
		{0A27E9DC-6CB7-408F-93CA-445FD8F2D3DA}.Release|x86.ActiveCfg = Release|Win32
		{0A27E9DC-6CB7-408F-93CA-445FD8F2D3DA}.Release|x86.Build.0 = Release|Win32
		{BDC46667-4797-4B53-9F36-07AAF4970F5E}.Debug|x64.ActiveCfg = Debug|x64
		{BDC46667-4797-4B53-9F36-07AAF4970F5E}.Debug|x64.Build.0 = Debug|x64
		{BDC46667-4797-4B53-9F36-07AAF4970F5E}.Debug|x86.ActiveCfg = Debug|Win32
		{BDC46667-4797-4B53-9F36-07AAF4970F5E}.Debug|x86.Build.0 = Debug|Win32
		{BDC46667-4797-4B53-9F36-07AAF4970F5E}.Release|x64.ActiveCfg = Release|x64
		{BDC46667-4797-4B53-9F36-07AAF4970F5E}.Release|x64.Build.0 = Release|x64
		{BDC46667-4797-4B53-9F36-07AAF4970F5E}.Release|x86.ActiveCfg = Release|Win32
		{BDC46667-4797-4B53-9F36-07AAF4970F5E}.Release|x86.Build.0 = Release|Win32
		{1E343FA8-366D-49F0-A442-38D6B15165A4}.Debug|x64.ActiveCfg = Debug|x64
		{1E343FA8-366D-49F0-A442-38D6B15165A4}.Debug|x64.Build.0 = Debug|x64
		{1E343FA8-366D-49F0-A442-38D6B15165A4}.Debug|x86.ActiveCfg = Debug|Win32
		{1E343FA8-366D-49F0-A442-38D6B15165A4}.Debug|x86.Build.0 = Debug|Win32
		{1E343FA8-366D-49F0-A442-38D6B15165A4}.Release|x64.ActiveCfg = Release|x64
		{1E343FA8-366D-49F0-A442-38D6B15165A4}.Release|x64.Build.0 = Release|x64
		{1E343FA8-366D-49F0-A442-38D6B15165A4}.Release|x86.ActiveCfg = Release|Win32
		{1E343FA8-366D-49F0-A442-38D6B15165A4}.Release|x86.Build.0 = Release|Win32
		{6389E5D9-7A31-4342-A4DF-7906765E2BCC}.Debug|x64.ActiveCfg = Debug|x64
		{6389E5D9-7A31-4342-A4DF-7906765E2BCC}.Debug|x64.Build.0 = Debug|x64
		{6389E5D9-7A31-4342-A4DF-7906765E2BCC}.Debug|x86.ActiveCfg = Debug|Win32
		{6389E5D9-7A31-4342-A4DF-7906765E2BCC}.Debug|x86.Build.0 = Debug|Win32
		{6389E5D9-7A31-4342-A4DF-7906765E2BCC}.Release|x64.ActiveCfg = Release|x64
		{6389E5D9-7A31-4342-A4DF-7906765E2BCC}.Release|x64.Build.0 = Release|x64
		{6389E5D9-7A31-4342-A4DF-7906765E2BCC}.Release|x86.ActiveCfg = Release|Win32
		{6389E5D9-7A31-4342-A4DF-7906765E2BCC}.Release|x86.Build.0 = Release|Win32
		{69FB7B8B-55CD-4D1A-AAAB-1D96C7089361}.Debug|x64.ActiveCfg = Debug|x64
		{69FB7B8B-55CD-4D1A-AAAB-1D96C7089361}.Debug|x64.Build.0 = Debug|x64
		{69FB7B8B-55CD-4D1A-AAAB-1D96C7089361}.Debug|x86.ActiveCfg = Debug|Win32
		{69FB7B8B-55CD-4D1A-AAAB-1D96C7089361}.Debug|x86.Build.0 = Debug|Win32
		{69FB7B8B-55CD-4D1A-AAAB-1D96C7089361}.Release|x64.ActiveCfg = Release|x64
		{69FB7B8B-55CD-4D1A-AAAB-1D96C7089361}.Release|x64.Build.0 = Release|x64
		{69FB7B8B-55CD-4D1A-AAAB-1D96C7089361}.Release|x86.ActiveCfg = Release|Win32
		{69FB7B8B-55CD-4D1A-AAAB-1D96C7089361}.Release|x86.Build.0 = Release|Win32
		{23DD803B-67AE-4511-A88C-F74B94C5DFC6}.Debug|x64.ActiveCfg = Debug|x64
		{23DD803B-67AE-4511-A88C-F74B94C5DFC6}.Debug|x64.Build.0 = Debug|x64
		{23DD803B-67AE-4511-A88C-F74B94C5DFC6}.Debug|x86.ActiveCfg = Debug|Win32
		{23DD803B-67AE-4511-A88C-F74B94C5DFC6}.Debug|x86.Build.0 = Debug|Win32
		{23DD803B-67AE-4511-A88C-F74B94C5DFC6}.Release|x64.ActiveCfg = Release|x64
		{23DD803B-67AE-4511-A88C-F74B94C5DFC6}.Release|x64.Build.0 = Release|x64
		{23DD803B-67AE-4511-A88C-F74B94C5DFC6}.Release|x86.ActiveCfg = Release|Win32
		{23DD803B-67AE-4511-A88C-F74B94C5DFC6}.Release|x86.Build.0 = Release|Win32
		{CEAB3366-3DEC-4847-B3D5-C04049F21796}.Debug|x64.ActiveCfg = Debug|x64
		{CEAB3366-3DEC-4847-B3D5-C04049F21796}.Debug|x64.Build.0 = Debug|x64
		{CEAB3366-3DEC-4847-B3D5-C04049F21796}.Debug|x86.ActiveCfg = Debug|Win32
		{CEAB3366-3DEC-4847-B3D5-C04049F21796}.Debug|x86.Build.0 = Debug|Win32
		{CEAB3366-3DEC-4847-B3D5-C04049F21796}.Release|x64.ActiveCfg = Release|x64
		{CEAB3366-3DEC-4847-B3D5-C04049F21796}.Release|x64.Build.0 = Release|x64
		{CEAB3366-3DEC-4847-B3D5-C04049F21796}.Release|x86.ActiveCfg = Release|Win32
		{CEAB3366-3DEC-4847-B3D5-C04049F21796}.Release|x86.Build.0 = Release|Win32
		{BDF0D03A-416D-4B1C-A003-5D4885AD6B1F}.Debug|x64.ActiveCfg = Debug|x64
		{BDF0D03A-416D-4B1C-A003-5D4885AD6B1F}.Debug|x64.Build.0 = Debug|x64
		{BDF0D03A-416D-4B1C-A003-5D4885AD6B1F}.Debug|x86.ActiveCfg = Debug|Win32
		{BDF0D03A-416D-4B1C-A003-5D4885AD6B1F}.Debug|x86.Build.0 = Debug|Win32
		{BDF0D03A-416D-4B1C-A003-5D4885AD6B1F}.Release|x64.ActiveCfg = Release|x64
		{BDF0D03A-416D-4B1C-A003-5D4885AD6B1F}.Release|x64.Build.0 = Release|x64
		{BDF0D03A-416D-4B1C-A003-5D4885AD6B1F}.Release|x86.ActiveCfg = Release|Win32
		{BDF0D03A-416D-4B1C-A003-5D4885AD6B1F}.Release|x86.Build.0 = Release|Win32
		{C3E1002E-273D-4198-8228-89093386E6C1}.Debug|x64.ActiveCfg = Debug|x64
		{C3E1002E-273D-4198-8228-89093386E6C1}.Debug|x64.Build.0 = Debug|x64
		{C3E1002E-273D-4198-8228-89093386E6C1}.Debug|x86.ActiveCfg = Debug|Win32
		{C3E1002E-273D-4198-8228-89093386E6C1}.Debug|x86.Build.0 = Debug|Win32
		{C3E1002E-273D-4198-8228-89093386E6C1}.Release|x64.ActiveCfg = Release|x64
		{C3E1002E-273D-4198-8228-89093386E6C1}.Release|x64.Build.0 = Release|x64
		{C3E1002E-273D-4198-8228-89093386E6C1}.Release|x86.ActiveCfg = Release|Win32
		{C3E1002E-273D-4198-8228-89093386E6C1}.Release|x86.Build.0 = Release|Win32
		{3A9F7B46-73DA-4132-AEEF-01E8F23F91CE}.Debug|x64.ActiveCfg = Debug|x64
		{3A9F7B46-73DA-4132-AEEF-01E8F23F91CE}.Debug|x64.Build.0 = Debug|x64
		{3A9F7B46-73DA-4132-AEEF-01E8F23F91CE}.Debug|x86.ActiveCfg = Debug|Win32
		{3A9F7B46-73DA-4132-AEEF-01E8F23F91CE}.Debug|x86.Build.0 = Debug|Win32
		{3A9F7B46-73DA-4132-AEEF-01E8F23F91CE}.Release|x64.ActiveCfg = Release|x64
		{3A9F7B46-73DA-4132-AEEF-01E8F23F91CE}.Release|x64.Build.0 = Release|x64
		{3A9F7B46-73DA-4132-AEEF-01E8F23F91CE}.Release|x86.ActiveCfg = Release|Win32
		{3A9F7B46-73DA-4132-AEEF-01E8F23F91CE}.Release|x86.Build.0 = Release|Win32
	EndGlobalSection
	GlobalSection(SolutionProperties) = preSolution
		HideSolutionNode = FALSE
	EndGlobalSection
	GlobalSection(ExtensibilityGlobals) = postSolution
		SolutionGuid = {33744DB8-1AF7-4520-9BC4-6B83E1E143D7}
	EndGlobalSection
EndGlobal
