
Microsoft Visual Studio Solution File, Format Version 12.00
# Visual Studio Version 17
VisualStudioVersion = 17.0.32014.148
MinimumVisualStudioVersion = 10.0.40219.1
Project("{8BC9CEB8-8B4A-11D0-8D11-00A0C91BC942}") = "cppProj", "cppProj\cppProj.vcxproj", "{DC4D4C53-46F0-4342-920B-C7E5011A95E5}"
EndProject
Project("{8BC9CEB8-8B4A-11D0-8D11-00A0C91BC942}") = "inheritance_cpp", "inheritance_cpp\inheritance_cpp.vcxproj", "{4015BA48-2B4E-45E5-A94E-A5E68C009E13}"
EndProject
Project("{8BC9CEB8-8B4A-11D0-8D11-00A0C91BC942}") = "codewars", "codewars\codewars.vcxproj", "{9D830B8C-C312-4A94-A181-3059B681507E}"
EndProject
Project("{8BC9CEB8-8B4A-11D0-8D11-00A0C91BC942}") = "proj", "proj\proj.vcxproj", "{5D312F6F-A8B9-49BE-A114-1926B7B03144}"
EndProject
Project("{8BC9CEB8-8B4A-11D0-8D11-00A0C91BC942}") = "file_streams", "file_streams\file_streams.vcxproj", "{21EA84EA-60F7-461E-9A05-E5D324D67CBD}"
EndProject
Global
	GlobalSection(SolutionConfigurationPlatforms) = preSolution
		Debug|x64 = Debug|x64
		Debug|x86 = Debug|x86
		Release|x64 = Release|x64
		Release|x86 = Release|x86
	EndGlobalSection
	GlobalSection(ProjectConfigurationPlatforms) = postSolution
		{DC4D4C53-46F0-4342-920B-C7E5011A95E5}.Debug|x64.ActiveCfg = Debug|x64
		{DC4D4C53-46F0-4342-920B-C7E5011A95E5}.Debug|x64.Build.0 = Debug|x64
		{DC4D4C53-46F0-4342-920B-C7E5011A95E5}.Debug|x86.ActiveCfg = Debug|Win32
		{DC4D4C53-46F0-4342-920B-C7E5011A95E5}.Debug|x86.Build.0 = Debug|Win32
		{DC4D4C53-46F0-4342-920B-C7E5011A95E5}.Release|x64.ActiveCfg = Release|x64
		{DC4D4C53-46F0-4342-920B-C7E5011A95E5}.Release|x64.Build.0 = Release|x64
		{DC4D4C53-46F0-4342-920B-C7E5011A95E5}.Release|x86.ActiveCfg = Release|Win32
		{DC4D4C53-46F0-4342-920B-C7E5011A95E5}.Release|x86.Build.0 = Release|Win32
		{4015BA48-2B4E-45E5-A94E-A5E68C009E13}.Debug|x64.ActiveCfg = Debug|x64
		{4015BA48-2B4E-45E5-A94E-A5E68C009E13}.Debug|x64.Build.0 = Debug|x64
		{4015BA48-2B4E-45E5-A94E-A5E68C009E13}.Debug|x86.ActiveCfg = Debug|Win32
		{4015BA48-2B4E-45E5-A94E-A5E68C009E13}.Debug|x86.Build.0 = Debug|Win32
		{4015BA48-2B4E-45E5-A94E-A5E68C009E13}.Release|x64.ActiveCfg = Release|x64
		{4015BA48-2B4E-45E5-A94E-A5E68C009E13}.Release|x64.Build.0 = Release|x64
		{4015BA48-2B4E-45E5-A94E-A5E68C009E13}.Release|x86.ActiveCfg = Release|Win32
		{4015BA48-2B4E-45E5-A94E-A5E68C009E13}.Release|x86.Build.0 = Release|Win32
		{9D830B8C-C312-4A94-A181-3059B681507E}.Debug|x64.ActiveCfg = Debug|x64
		{9D830B8C-C312-4A94-A181-3059B681507E}.Debug|x64.Build.0 = Debug|x64
		{9D830B8C-C312-4A94-A181-3059B681507E}.Debug|x86.ActiveCfg = Debug|Win32
		{9D830B8C-C312-4A94-A181-3059B681507E}.Debug|x86.Build.0 = Debug|Win32
		{9D830B8C-C312-4A94-A181-3059B681507E}.Release|x64.ActiveCfg = Release|x64
		{9D830B8C-C312-4A94-A181-3059B681507E}.Release|x64.Build.0 = Release|x64
		{9D830B8C-C312-4A94-A181-3059B681507E}.Release|x86.ActiveCfg = Release|Win32
		{9D830B8C-C312-4A94-A181-3059B681507E}.Release|x86.Build.0 = Release|Win32
		{5D312F6F-A8B9-49BE-A114-1926B7B03144}.Debug|x64.ActiveCfg = Debug|x64
		{5D312F6F-A8B9-49BE-A114-1926B7B03144}.Debug|x64.Build.0 = Debug|x64
		{5D312F6F-A8B9-49BE-A114-1926B7B03144}.Debug|x86.ActiveCfg = Debug|Win32
		{5D312F6F-A8B9-49BE-A114-1926B7B03144}.Debug|x86.Build.0 = Debug|Win32
		{5D312F6F-A8B9-49BE-A114-1926B7B03144}.Release|x64.ActiveCfg = Release|x64
		{5D312F6F-A8B9-49BE-A114-1926B7B03144}.Release|x64.Build.0 = Release|x64
		{5D312F6F-A8B9-49BE-A114-1926B7B03144}.Release|x86.ActiveCfg = Release|Win32
		{5D312F6F-A8B9-49BE-A114-1926B7B03144}.Release|x86.Build.0 = Release|Win32
		{21EA84EA-60F7-461E-9A05-E5D324D67CBD}.Debug|x64.ActiveCfg = Debug|x64
		{21EA84EA-60F7-461E-9A05-E5D324D67CBD}.Debug|x64.Build.0 = Debug|x64
		{21EA84EA-60F7-461E-9A05-E5D324D67CBD}.Debug|x86.ActiveCfg = Debug|Win32
		{21EA84EA-60F7-461E-9A05-E5D324D67CBD}.Debug|x86.Build.0 = Debug|Win32
		{21EA84EA-60F7-461E-9A05-E5D324D67CBD}.Release|x64.ActiveCfg = Release|x64
		{21EA84EA-60F7-461E-9A05-E5D324D67CBD}.Release|x64.Build.0 = Release|x64
		{21EA84EA-60F7-461E-9A05-E5D324D67CBD}.Release|x86.ActiveCfg = Release|Win32
		{21EA84EA-60F7-461E-9A05-E5D324D67CBD}.Release|x86.Build.0 = Release|Win32
	EndGlobalSection
	GlobalSection(SolutionProperties) = preSolution
		HideSolutionNode = FALSE
	EndGlobalSection
	GlobalSection(ExtensibilityGlobals) = postSolution
		SolutionGuid = {33744DB8-1AF7-4520-9BC4-6B83E1E143D7}
	EndGlobalSection
EndGlobal
